
Microsoft Visual Studio Solution File, Format Version 12.00
# Visual Studio 14
VisualStudioVersion = 14.0.24720.0
MinimumVisualStudioVersion = 10.0.40219.1
Project("{FAE04EC0-301F-11D3-BF4B-00C04F79EFBC}") = "OpenLab", "OpenLab\OpenLab.csproj", "{5D299693-9E26-4A3A-8280-72776A9F8F9F}"
EndProject
Project("{2150E333-8FDC-42A3-9474-1A3956D46DE8}") = "Plugins", "Plugins", "{0AA79689-3128-474C-8D78-6D540DACBFB5}"
EndProject
Project("{FAE04EC0-301F-11D3-BF4B-00C04F79EFBC}") = "OpenLab.Test", "OpenLab.Test\OpenLab.Test.csproj", "{5B57B933-986C-4529-A2D4-71C15A0E3639}"
EndProject
Project("{FAE04EC0-301F-11D3-BF4B-00C04F79EFBC}") = "OpenLab.Lib", "OpenLab.Lib\OpenLab.Lib.csproj", "{1556B3BF-9131-42D2-B153-9B214C931AF1}"
EndProject
Project("{2150E333-8FDC-42A3-9474-1A3956D46DE8}") = "Schemas", "Schemas", "{7AE6A9B7-ED85-4704-B574-D941DC1DA53E}"
	ProjectSection(SolutionItems) = preProject
		Schemas\Board.xsd = Schemas\Board.xsd
		Schemas\Config.xsd = Schemas\Config.xsd
	EndProjectSection
EndProject
Project("{2150E333-8FDC-42A3-9474-1A3956D46DE8}") = "Controls", "Controls", "{B8B8057A-2901-46AE-8AAE-69E16AFD3D38}"
EndProject
Project("{2150E333-8FDC-42A3-9474-1A3956D46DE8}") = "Logging", "Logging", "{4D53C43A-BD89-47BB-AF83-F1A7BAD646B5}"
EndProject
Project("{FAE04EC0-301F-11D3-BF4B-00C04F79EFBC}") = "Meter", "Plugins\Controls\Meter\Meter.csproj", "{B3952F6A-12DD-432E-9D8E-69A579CDE528}"
EndProject
Project("{FAE04EC0-301F-11D3-BF4B-00C04F79EFBC}") = "Spinner", "Plugins\Controls\Spinner\Spinner.csproj", "{E355904D-B5FB-45C3-8752-658EA93F57E9}"
EndProject
Project("{FAE04EC0-301F-11D3-BF4B-00C04F79EFBC}") = "Toggle", "Plugins\Controls\Toggle\Toggle.csproj", "{3BD05B8A-1315-4AB9-8A6F-44CD7FCDF5C5}"
EndProject
Project("{FAE04EC0-301F-11D3-BF4B-00C04F79EFBC}") = "CSV", "Plugins\Logging\CSV\CSV.csproj", "{7B66FF00-3EB1-4C3C-ABAC-FDF016689678}"
EndProject
Global
	GlobalSection(SolutionConfigurationPlatforms) = preSolution
		Debug|Any CPU = Debug|Any CPU
		Release|Any CPU = Release|Any CPU
	EndGlobalSection
	GlobalSection(ProjectConfigurationPlatforms) = postSolution
		{5D299693-9E26-4A3A-8280-72776A9F8F9F}.Debug|Any CPU.ActiveCfg = Debug|Any CPU
		{5D299693-9E26-4A3A-8280-72776A9F8F9F}.Debug|Any CPU.Build.0 = Debug|Any CPU
		{5D299693-9E26-4A3A-8280-72776A9F8F9F}.Release|Any CPU.ActiveCfg = Debug|Any CPU
		{5D299693-9E26-4A3A-8280-72776A9F8F9F}.Release|Any CPU.Build.0 = Debug|Any CPU
		{5B57B933-986C-4529-A2D4-71C15A0E3639}.Debug|Any CPU.ActiveCfg = Debug|Any CPU
		{5B57B933-986C-4529-A2D4-71C15A0E3639}.Debug|Any CPU.Build.0 = Debug|Any CPU
		{5B57B933-986C-4529-A2D4-71C15A0E3639}.Release|Any CPU.ActiveCfg = Release|Any CPU
		{5B57B933-986C-4529-A2D4-71C15A0E3639}.Release|Any CPU.Build.0 = Release|Any CPU
		{1556B3BF-9131-42D2-B153-9B214C931AF1}.Debug|Any CPU.ActiveCfg = Debug|Any CPU
		{1556B3BF-9131-42D2-B153-9B214C931AF1}.Debug|Any CPU.Build.0 = Debug|Any CPU
		{1556B3BF-9131-42D2-B153-9B214C931AF1}.Release|Any CPU.ActiveCfg = Release|Any CPU
		{1556B3BF-9131-42D2-B153-9B214C931AF1}.Release|Any CPU.Build.0 = Release|Any CPU
		{B3952F6A-12DD-432E-9D8E-69A579CDE528}.Debug|Any CPU.ActiveCfg = Debug|Any CPU
		{B3952F6A-12DD-432E-9D8E-69A579CDE528}.Debug|Any CPU.Build.0 = Debug|Any CPU
		{B3952F6A-12DD-432E-9D8E-69A579CDE528}.Release|Any CPU.ActiveCfg = Release|Any CPU
		{B3952F6A-12DD-432E-9D8E-69A579CDE528}.Release|Any CPU.Build.0 = Release|Any CPU
		{E355904D-B5FB-45C3-8752-658EA93F57E9}.Debug|Any CPU.ActiveCfg = Debug|Any CPU
		{E355904D-B5FB-45C3-8752-658EA93F57E9}.Debug|Any CPU.Build.0 = Debug|Any CPU
		{E355904D-B5FB-45C3-8752-658EA93F57E9}.Release|Any CPU.ActiveCfg = Release|Any CPU
		{E355904D-B5FB-45C3-8752-658EA93F57E9}.Release|Any CPU.Build.0 = Release|Any CPU
		{3BD05B8A-1315-4AB9-8A6F-44CD7FCDF5C5}.Debug|Any CPU.ActiveCfg = Debug|Any CPU
		{3BD05B8A-1315-4AB9-8A6F-44CD7FCDF5C5}.Debug|Any CPU.Build.0 = Debug|Any CPU
		{3BD05B8A-1315-4AB9-8A6F-44CD7FCDF5C5}.Release|Any CPU.ActiveCfg = Release|Any CPU
		{3BD05B8A-1315-4AB9-8A6F-44CD7FCDF5C5}.Release|Any CPU.Build.0 = Release|Any CPU
		{7B66FF00-3EB1-4C3C-ABAC-FDF016689678}.Debug|Any CPU.ActiveCfg = Debug|Any CPU
		{7B66FF00-3EB1-4C3C-ABAC-FDF016689678}.Debug|Any CPU.Build.0 = Debug|Any CPU
		{7B66FF00-3EB1-4C3C-ABAC-FDF016689678}.Release|Any CPU.ActiveCfg = Release|Any CPU
		{7B66FF00-3EB1-4C3C-ABAC-FDF016689678}.Release|Any CPU.Build.0 = Release|Any CPU
	EndGlobalSection
	GlobalSection(SolutionProperties) = preSolution
		HideSolutionNode = FALSE
	EndGlobalSection
	GlobalSection(NestedProjects) = preSolution
		{B8B8057A-2901-46AE-8AAE-69E16AFD3D38} = {0AA79689-3128-474C-8D78-6D540DACBFB5}
		{4D53C43A-BD89-47BB-AF83-F1A7BAD646B5} = {0AA79689-3128-474C-8D78-6D540DACBFB5}
		{B3952F6A-12DD-432E-9D8E-69A579CDE528} = {B8B8057A-2901-46AE-8AAE-69E16AFD3D38}
		{E355904D-B5FB-45C3-8752-658EA93F57E9} = {B8B8057A-2901-46AE-8AAE-69E16AFD3D38}
		{3BD05B8A-1315-4AB9-8A6F-44CD7FCDF5C5} = {B8B8057A-2901-46AE-8AAE-69E16AFD3D38}
		{7B66FF00-3EB1-4C3C-ABAC-FDF016689678} = {4D53C43A-BD89-47BB-AF83-F1A7BAD646B5}
	EndGlobalSection
EndGlobal
