
Microsoft Visual Studio Solution File, Format Version 12.00
# Visual Studio 2013
VisualStudioVersion = 12.0.21005.1
MinimumVisualStudioVersion = 10.0.40219.1
Project("{FAE04EC0-301F-11D3-BF4B-00C04F79EFBC}") = "OpenLab", "OpenLab\OpenLab.csproj", "{5D299693-9E26-4A3A-8280-72776A9F8F9F}"
	ProjectSection(ProjectDependencies) = postProject
		{30C92801-FE81-41F9-848C-22BCFA7EE09F} = {30C92801-FE81-41F9-848C-22BCFA7EE09F}
		{9A7AAA28-F438-4DA4-9F5C-75C4E0CF2DFC} = {9A7AAA28-F438-4DA4-9F5C-75C4E0CF2DFC}
		{B3952F6A-12DD-432E-9D8E-69A579CDE528} = {B3952F6A-12DD-432E-9D8E-69A579CDE528}
		{EC58466E-ABC1-4A7B-B6A8-F11DD48FB82D} = {EC58466E-ABC1-4A7B-B6A8-F11DD48FB82D}
		{4C7E37D9-3BAD-43FB-8E35-BE10499921C3} = {4C7E37D9-3BAD-43FB-8E35-BE10499921C3}
	EndProjectSection
EndProject
Project("{2150E333-8FDC-42A3-9474-1A3956D46DE8}") = "Plugins", "Plugins", "{0AA79689-3128-474C-8D78-6D540DACBFB5}"
EndProject
Project("{FAE04EC0-301F-11D3-BF4B-00C04F79EFBC}") = "Indicator", "Plugins\Indicator\Indicator.csproj", "{4C7E37D9-3BAD-43FB-8E35-BE10499921C3}"
	ProjectSection(ProjectDependencies) = postProject
		{30C92801-FE81-41F9-848C-22BCFA7EE09F} = {30C92801-FE81-41F9-848C-22BCFA7EE09F}
	EndProjectSection
EndProject
Project("{FAE04EC0-301F-11D3-BF4B-00C04F79EFBC}") = "DigitalMeter", "Plugins\DigitalMeter\DigitalMeter.csproj", "{B3952F6A-12DD-432E-9D8E-69A579CDE528}"
	ProjectSection(ProjectDependencies) = postProject
		{30C92801-FE81-41F9-848C-22BCFA7EE09F} = {30C92801-FE81-41F9-848C-22BCFA7EE09F}
	EndProjectSection
EndProject
Project("{FAE04EC0-301F-11D3-BF4B-00C04F79EFBC}") = "Spinner", "Plugins\Spinner\Spinner.csproj", "{EC58466E-ABC1-4A7B-B6A8-F11DD48FB82D}"
	ProjectSection(ProjectDependencies) = postProject
		{30C92801-FE81-41F9-848C-22BCFA7EE09F} = {30C92801-FE81-41F9-848C-22BCFA7EE09F}
	EndProjectSection
EndProject
Project("{FAE04EC0-301F-11D3-BF4B-00C04F79EFBC}") = "Toggle", "Plugins\Toggle\Toggle.csproj", "{9A7AAA28-F438-4DA4-9F5C-75C4E0CF2DFC}"
	ProjectSection(ProjectDependencies) = postProject
		{30C92801-FE81-41F9-848C-22BCFA7EE09F} = {30C92801-FE81-41F9-848C-22BCFA7EE09F}
	EndProjectSection
EndProject
Project("{FAE04EC0-301F-11D3-BF4B-00C04F79EFBC}") = "PluginInterface", "Plugins\PluginInterface\PluginInterface.csproj", "{30C92801-FE81-41F9-848C-22BCFA7EE09F}"
EndProject
Global
	GlobalSection(SolutionConfigurationPlatforms) = preSolution
		Debug|Any CPU = Debug|Any CPU
		Release|Any CPU = Release|Any CPU
	EndGlobalSection
	GlobalSection(ProjectConfigurationPlatforms) = postSolution
		{5D299693-9E26-4A3A-8280-72776A9F8F9F}.Debug|Any CPU.ActiveCfg = Debug|Any CPU
		{5D299693-9E26-4A3A-8280-72776A9F8F9F}.Debug|Any CPU.Build.0 = Debug|Any CPU
		{5D299693-9E26-4A3A-8280-72776A9F8F9F}.Release|Any CPU.ActiveCfg = Debug|Any CPU
		{5D299693-9E26-4A3A-8280-72776A9F8F9F}.Release|Any CPU.Build.0 = Debug|Any CPU
		{4C7E37D9-3BAD-43FB-8E35-BE10499921C3}.Debug|Any CPU.ActiveCfg = Debug|Any CPU
		{4C7E37D9-3BAD-43FB-8E35-BE10499921C3}.Debug|Any CPU.Build.0 = Debug|Any CPU
		{4C7E37D9-3BAD-43FB-8E35-BE10499921C3}.Release|Any CPU.ActiveCfg = Release|Any CPU
		{4C7E37D9-3BAD-43FB-8E35-BE10499921C3}.Release|Any CPU.Build.0 = Release|Any CPU
		{B3952F6A-12DD-432E-9D8E-69A579CDE528}.Debug|Any CPU.ActiveCfg = Debug|Any CPU
		{B3952F6A-12DD-432E-9D8E-69A579CDE528}.Debug|Any CPU.Build.0 = Debug|Any CPU
		{B3952F6A-12DD-432E-9D8E-69A579CDE528}.Release|Any CPU.ActiveCfg = Release|Any CPU
		{B3952F6A-12DD-432E-9D8E-69A579CDE528}.Release|Any CPU.Build.0 = Release|Any CPU
		{EC58466E-ABC1-4A7B-B6A8-F11DD48FB82D}.Debug|Any CPU.ActiveCfg = Debug|Any CPU
		{EC58466E-ABC1-4A7B-B6A8-F11DD48FB82D}.Debug|Any CPU.Build.0 = Debug|Any CPU
		{EC58466E-ABC1-4A7B-B6A8-F11DD48FB82D}.Release|Any CPU.ActiveCfg = Release|Any CPU
		{EC58466E-ABC1-4A7B-B6A8-F11DD48FB82D}.Release|Any CPU.Build.0 = Release|Any CPU
		{9A7AAA28-F438-4DA4-9F5C-75C4E0CF2DFC}.Debug|Any CPU.ActiveCfg = Debug|Any CPU
		{9A7AAA28-F438-4DA4-9F5C-75C4E0CF2DFC}.Debug|Any CPU.Build.0 = Debug|Any CPU
		{9A7AAA28-F438-4DA4-9F5C-75C4E0CF2DFC}.Release|Any CPU.ActiveCfg = Release|Any CPU
		{9A7AAA28-F438-4DA4-9F5C-75C4E0CF2DFC}.Release|Any CPU.Build.0 = Release|Any CPU
		{30C92801-FE81-41F9-848C-22BCFA7EE09F}.Debug|Any CPU.ActiveCfg = Debug|Any CPU
		{30C92801-FE81-41F9-848C-22BCFA7EE09F}.Debug|Any CPU.Build.0 = Debug|Any CPU
		{30C92801-FE81-41F9-848C-22BCFA7EE09F}.Release|Any CPU.ActiveCfg = Release|Any CPU
		{30C92801-FE81-41F9-848C-22BCFA7EE09F}.Release|Any CPU.Build.0 = Release|Any CPU
	EndGlobalSection
	GlobalSection(SolutionProperties) = preSolution
		HideSolutionNode = FALSE
	EndGlobalSection
	GlobalSection(NestedProjects) = preSolution
		{4C7E37D9-3BAD-43FB-8E35-BE10499921C3} = {0AA79689-3128-474C-8D78-6D540DACBFB5}
		{B3952F6A-12DD-432E-9D8E-69A579CDE528} = {0AA79689-3128-474C-8D78-6D540DACBFB5}
		{EC58466E-ABC1-4A7B-B6A8-F11DD48FB82D} = {0AA79689-3128-474C-8D78-6D540DACBFB5}
		{9A7AAA28-F438-4DA4-9F5C-75C4E0CF2DFC} = {0AA79689-3128-474C-8D78-6D540DACBFB5}
		{30C92801-FE81-41F9-848C-22BCFA7EE09F} = {0AA79689-3128-474C-8D78-6D540DACBFB5}
	EndGlobalSection
EndGlobal
